{
    "name": "ldn-server",
    "version": "0.0.1",
    "lockfileVersion": 1,
    "requires": true,
    "dependencies": {
        "async-limiter": {
            "version": "1.0.0",
            "resolved": "https://registry.npmjs.org/async-limiter/-/async-limiter-1.0.0.tgz",
            "integrity": "sha512-jp/uFnooOiO+L211eZOoSyzpOITMXx1rBITauYykG3BRYPu8h0UcxsPNB04RR5vo4Tyz3+ay17tR6JVf9qzYWg=="
        },
        "dotenv": {
            "version": "6.2.0",
            "resolved": "https://registry.npmjs.org/dotenv/-/dotenv-6.2.0.tgz",
            "integrity": "sha512-HygQCKUBSFl8wKQZBSemMywRWcEDNidvNbjGVyZu3nbZ8qq9ubiPoGLMdRDpfSrpkkm9BXYFkpKxxFX38o/76w=="
        },
        "nanoid": {
            "version": "2.0.1",
            "resolved": "https://registry.npmjs.org/nanoid/-/nanoid-2.0.1.tgz",
            "integrity": "sha512-k1u2uemjIGsn25zmujKnotgniC/gxQ9sdegdezeDiKdkDW56THUMqlz3urndKCXJxA6yPzSZbXx/QCMe/pxqsA=="
        },
        "shortid": {
            "version": "2.2.14",
            "resolved": "https://registry.npmjs.org/shortid/-/shortid-2.2.14.tgz",
            "integrity": "sha512-4UnZgr9gDdA1kaKj/38IiudfC3KHKhDc1zi/HSxd9FQDR0VLwH3/y79tZJLsVYPsJgIjeHjqIWaWVRJUj9qZOQ==",
            "requires": {
                "nanoid": "^2.0.0"
            }
        },
        "ws": {
            "version": "6.1.3",
            "resolved": "https://registry.npmjs.org/ws/-/ws-6.1.3.tgz",
            "integrity": "sha512-tbSxiT+qJI223AP4iLfQbkbxkwdFcneYinM2+x46Gx2wgvbaOMO36czfdfVUBRTHvzAMRhDd98sA5d/BuWbQdg==",
            "requires": {
                "async-limiter": "~1.0.0"
            }
        }
    }
}
